
Microsoft Visual Studio Solution File, Format Version 12.00
# Visual Studio Version 17
VisualStudioVersion = 17.10.34916.146
MinimumVisualStudioVersion = 10.0.40219.1
Project("{FAE04EC0-301F-11D3-BF4B-00C04F79EFBC}") = "Aula01-Rest-Na-Pratica", "Aula01-Rest-Na-Pratica\Aula01-Rest-Na-Pratica.csproj", "{9946BC36-FDAC-4874-A8B0-4D4539E833CF}"
EndProject
Global
	GlobalSection(SolutionConfigurationPlatforms) = preSolution
		Debug|Any CPU = Debug|Any CPU
		Release|Any CPU = Release|Any CPU
	EndGlobalSection
	GlobalSection(ProjectConfigurationPlatforms) = postSolution
		{9946BC36-FDAC-4874-A8B0-4D4539E833CF}.Debug|Any CPU.ActiveCfg = Debug|Any CPU
		{9946BC36-FDAC-4874-A8B0-4D4539E833CF}.Debug|Any CPU.Build.0 = Debug|Any CPU
		{9946BC36-FDAC-4874-A8B0-4D4539E833CF}.Release|Any CPU.ActiveCfg = Release|Any CPU
		{9946BC36-FDAC-4874-A8B0-4D4539E833CF}.Release|Any CPU.Build.0 = Release|Any CPU
	EndGlobalSection
	GlobalSection(SolutionProperties) = preSolution
		HideSolutionNode = FALSE
	EndGlobalSection
	GlobalSection(ExtensibilityGlobals) = postSolution
		SolutionGuid = {F9E768B1-0948-43E4-850E-44F515A888EC}
	EndGlobalSection
EndGlobal
