
Microsoft Visual Studio Solution File, Format Version 12.00
# Visual Studio Version 17
VisualStudioVersion = 17.10.34916.146
MinimumVisualStudioVersion = 10.0.40219.1
Project("{FAE04EC0-301F-11D3-BF4B-00C04F79EFBC}") = "Aula02-Rest-Na-Pratica", "Aula02-Rest-Na-Pratica.csproj", "{5B6838A2-DC56-4682-A46D-F94E4C5ADB1B}"
EndProject
Global
	GlobalSection(SolutionConfigurationPlatforms) = preSolution
		Debug|Any CPU = Debug|Any CPU
		Release|Any CPU = Release|Any CPU
	EndGlobalSection
	GlobalSection(ProjectConfigurationPlatforms) = postSolution
		{5B6838A2-DC56-4682-A46D-F94E4C5ADB1B}.Debug|Any CPU.ActiveCfg = Debug|Any CPU
		{5B6838A2-DC56-4682-A46D-F94E4C5ADB1B}.Debug|Any CPU.Build.0 = Debug|Any CPU
		{5B6838A2-DC56-4682-A46D-F94E4C5ADB1B}.Release|Any CPU.ActiveCfg = Release|Any CPU
		{5B6838A2-DC56-4682-A46D-F94E4C5ADB1B}.Release|Any CPU.Build.0 = Release|Any CPU
	EndGlobalSection
	GlobalSection(SolutionProperties) = preSolution
		HideSolutionNode = FALSE
	EndGlobalSection
	GlobalSection(ExtensibilityGlobals) = postSolution
		SolutionGuid = {985C60FE-EE7C-4780-B152-3219149B7B48}
	EndGlobalSection
EndGlobal
